
Microsoft Visual Studio Solution File, Format Version 12.00
# Visual Studio Version 17
VisualStudioVersion = 17.4.33205.214
MinimumVisualStudioVersion = 10.0.40219.1
Project("{FAE04EC0-301F-11D3-BF4B-00C04F79EFBC}") = "TesteTrabalhandoArquivos", "TesteTrabalhandoArquivos\TesteTrabalhandoArquivos.csproj", "{066C3EA8-3908-40E2-816D-3E6FBA293B4A}"
EndProject
Global
	GlobalSection(SolutionConfigurationPlatforms) = preSolution
		Debug|Any CPU = Debug|Any CPU
		Release|Any CPU = Release|Any CPU
	EndGlobalSection
	GlobalSection(ProjectConfigurationPlatforms) = postSolution
		{066C3EA8-3908-40E2-816D-3E6FBA293B4A}.Debug|Any CPU.ActiveCfg = Debug|Any CPU
		{066C3EA8-3908-40E2-816D-3E6FBA293B4A}.Debug|Any CPU.Build.0 = Debug|Any CPU
		{066C3EA8-3908-40E2-816D-3E6FBA293B4A}.Release|Any CPU.ActiveCfg = Release|Any CPU
		{066C3EA8-3908-40E2-816D-3E6FBA293B4A}.Release|Any CPU.Build.0 = Release|Any CPU
	EndGlobalSection
	GlobalSection(SolutionProperties) = preSolution
		HideSolutionNode = FALSE
	EndGlobalSection
	GlobalSection(ExtensibilityGlobals) = postSolution
		SolutionGuid = {27F0F769-CCFE-4F55-861D-15776A55FC09}
	EndGlobalSection
EndGlobal
